
Microsoft Visual Studio Solution File, Format Version 12.00
# Visual Studio Version 17
VisualStudioVersion = 17.7.34031.279
MinimumVisualStudioVersion = 10.0.40219.1
Project("{FAE04EC0-301F-11D3-BF4B-00C04F79EFBC}") = "CadionCRUDProfile", "CadionCRUDProfile\CadionCRUDProfile.csproj", "{14212DDA-15BE-4D0B-AB34-76AD3CD744CF}"
	ProjectSection(ProjectDependencies) = postProject
		{5A4E9DDB-ED55-4DE3-8E84-34B17AFAD344} = {5A4E9DDB-ED55-4DE3-8E84-34B17AFAD344}
		{734D754A-6A23-4120-8E89-B0864FC8B032} = {734D754A-6A23-4120-8E89-B0864FC8B032}
	EndProjectSection
EndProject
Project("{FAE04EC0-301F-11D3-BF4B-00C04F79EFBC}") = "CadionClassLib", "CadionClassLib\CadionClassLib.csproj", "{5A4E9DDB-ED55-4DE3-8E84-34B17AFAD344}"
EndProject
Project("{00D1A9C2-B5F0-4AF3-8072-F6C62B433612}") = "CadionDB", "CadionDB\CadionDB.sqlproj", "{734D754A-6A23-4120-8E89-B0864FC8B032}"
EndProject
Global
	GlobalSection(SolutionConfigurationPlatforms) = preSolution
		Debug|Any CPU = Debug|Any CPU
		Release|Any CPU = Release|Any CPU
	EndGlobalSection
	GlobalSection(ProjectConfigurationPlatforms) = postSolution
		{14212DDA-15BE-4D0B-AB34-76AD3CD744CF}.Debug|Any CPU.ActiveCfg = Debug|Any CPU
		{14212DDA-15BE-4D0B-AB34-76AD3CD744CF}.Debug|Any CPU.Build.0 = Debug|Any CPU
		{14212DDA-15BE-4D0B-AB34-76AD3CD744CF}.Release|Any CPU.ActiveCfg = Release|Any CPU
		{14212DDA-15BE-4D0B-AB34-76AD3CD744CF}.Release|Any CPU.Build.0 = Release|Any CPU
		{5A4E9DDB-ED55-4DE3-8E84-34B17AFAD344}.Debug|Any CPU.ActiveCfg = Debug|Any CPU
		{5A4E9DDB-ED55-4DE3-8E84-34B17AFAD344}.Debug|Any CPU.Build.0 = Debug|Any CPU
		{5A4E9DDB-ED55-4DE3-8E84-34B17AFAD344}.Release|Any CPU.ActiveCfg = Release|Any CPU
		{5A4E9DDB-ED55-4DE3-8E84-34B17AFAD344}.Release|Any CPU.Build.0 = Release|Any CPU
		{734D754A-6A23-4120-8E89-B0864FC8B032}.Debug|Any CPU.ActiveCfg = Debug|Any CPU
		{734D754A-6A23-4120-8E89-B0864FC8B032}.Debug|Any CPU.Build.0 = Debug|Any CPU
		{734D754A-6A23-4120-8E89-B0864FC8B032}.Debug|Any CPU.Deploy.0 = Debug|Any CPU
		{734D754A-6A23-4120-8E89-B0864FC8B032}.Release|Any CPU.ActiveCfg = Release|Any CPU
		{734D754A-6A23-4120-8E89-B0864FC8B032}.Release|Any CPU.Build.0 = Release|Any CPU
		{734D754A-6A23-4120-8E89-B0864FC8B032}.Release|Any CPU.Deploy.0 = Release|Any CPU
	EndGlobalSection
	GlobalSection(SolutionProperties) = preSolution
		HideSolutionNode = FALSE
	EndGlobalSection
	GlobalSection(ExtensibilityGlobals) = postSolution
		SolutionGuid = {8AEDF65A-5495-45A7-99A6-726BC6970157}
	EndGlobalSection
EndGlobal
