
Microsoft Visual Studio Solution File, Format Version 12.00
# Visual Studio Version 17
VisualStudioVersion = 17.7.34031.279
MinimumVisualStudioVersion = 10.0.40219.1
Project("{FAE04EC0-301F-11D3-BF4B-00C04F79EFBC}") = "CadionBlazorApp", "CadionBlazorApp\CadionBlazorApp.csproj", "{DBF8CFB4-D2DA-4DFD-B6FE-78E46155ED72}"
EndProject
Global
	GlobalSection(SolutionConfigurationPlatforms) = preSolution
		Debug|Any CPU = Debug|Any CPU
		Release|Any CPU = Release|Any CPU
	EndGlobalSection
	GlobalSection(ProjectConfigurationPlatforms) = postSolution
		{DBF8CFB4-D2DA-4DFD-B6FE-78E46155ED72}.Debug|Any CPU.ActiveCfg = Debug|Any CPU
		{DBF8CFB4-D2DA-4DFD-B6FE-78E46155ED72}.Debug|Any CPU.Build.0 = Debug|Any CPU
		{DBF8CFB4-D2DA-4DFD-B6FE-78E46155ED72}.Release|Any CPU.ActiveCfg = Release|Any CPU
		{DBF8CFB4-D2DA-4DFD-B6FE-78E46155ED72}.Release|Any CPU.Build.0 = Release|Any CPU
	EndGlobalSection
	GlobalSection(SolutionProperties) = preSolution
		HideSolutionNode = FALSE
	EndGlobalSection
	GlobalSection(ExtensibilityGlobals) = postSolution
		SolutionGuid = {69BC7B75-84EE-4E18-A2B8-FA6D3E183AC2}
	EndGlobalSection
EndGlobal
